
Microsoft Visual Studio Solution File, Format Version 12.00
# Visual Studio 15
VisualStudioVersion = 15.0.26730.16
MinimumVisualStudioVersion = 10.0.40219.1
Project("{FAE04EC0-301F-11D3-BF4B-00C04F79EFBC}") = "UnusedCodeFinder", "UnusedCodeFinder\UnusedCodeFinder.csproj", "{98B3EA82-09C4-4A75-B2A3-C63E6ADA563E}"
EndProject
Project("{FAE04EC0-301F-11D3-BF4B-00C04F79EFBC}") = "Vstack.Common", "..\..\vintage-software\vstack\Vstack.Common\Vstack.Common.csproj", "{029ECBE3-6E0E-498E-80A7-BAD385891C91}"
EndProject
Project("{2150E333-8FDC-42A3-9474-1A3956D46DE8}") = "Solution Items", "Solution Items", "{8CFB741B-A140-4740-BFD5-B77A23DD4BC4}"
	ProjectSection(SolutionItems) = preProject
		.appveyor.yml = .appveyor.yml
		LICENSE = LICENSE
		README.md = README.md
	EndProjectSection
EndProject
Global
	GlobalSection(SolutionConfigurationPlatforms) = preSolution
		Debug|Any CPU = Debug|Any CPU
		Release|Any CPU = Release|Any CPU
	EndGlobalSection
	GlobalSection(ProjectConfigurationPlatforms) = postSolution
		{98B3EA82-09C4-4A75-B2A3-C63E6ADA563E}.Debug|Any CPU.ActiveCfg = Debug|Any CPU
		{98B3EA82-09C4-4A75-B2A3-C63E6ADA563E}.Debug|Any CPU.Build.0 = Debug|Any CPU
		{98B3EA82-09C4-4A75-B2A3-C63E6ADA563E}.Release|Any CPU.ActiveCfg = Release|Any CPU
		{98B3EA82-09C4-4A75-B2A3-C63E6ADA563E}.Release|Any CPU.Build.0 = Release|Any CPU
		{029ECBE3-6E0E-498E-80A7-BAD385891C91}.Debug|Any CPU.ActiveCfg = Debug|Any CPU
		{029ECBE3-6E0E-498E-80A7-BAD385891C91}.Debug|Any CPU.Build.0 = Debug|Any CPU
		{029ECBE3-6E0E-498E-80A7-BAD385891C91}.Release|Any CPU.ActiveCfg = Release|Any CPU
		{029ECBE3-6E0E-498E-80A7-BAD385891C91}.Release|Any CPU.Build.0 = Release|Any CPU
	EndGlobalSection
	GlobalSection(SolutionProperties) = preSolution
		HideSolutionNode = FALSE
	EndGlobalSection
	GlobalSection(ExtensibilityGlobals) = postSolution
		SolutionGuid = {392FB96A-F872-440F-9841-02012B4D3CDA}
	EndGlobalSection
EndGlobal
